
Microsoft Visual Studio Solution File, Format Version 12.00
# Visual Studio Version 17
VisualStudioVersion = 17.8.34525.116
MinimumVisualStudioVersion = 10.0.40219.1
Project("{9A19103F-16F7-4668-BE54-9A1E7A4F7556}") = "Uiftec.PPW.Redesocial", "Uiftec.PPW.Redesocial\Uiftec.PPW.Redesocial.csproj", "{F59A351C-293E-49D3-B01D-98C35429071D}"
EndProject
Project("{9A19103F-16F7-4668-BE54-9A1E7A4F7556}") = "Uiftec.PPW.Redesocial.API", "Uiftec.PPW.Redesocial.API\Uiftec.PPW.Redesocial.API.csproj", "{89B09230-249E-4C76-8E95-FA6BAFDA4A33}"
EndProject
Project("{2150E333-8FDC-42A3-9474-1A3956D46DE8}") = "Aplicacao", "Aplicacao", "{C26D101E-B4AC-4108-B940-0A9186EBA64E}"
EndProject
Project("{2150E333-8FDC-42A3-9474-1A3956D46DE8}") = "Dominio", "Dominio", "{48A8B417-477B-4302-9C69-13A4751DD80C}"
EndProject
Project("{2150E333-8FDC-42A3-9474-1A3956D46DE8}") = "Repositorio", "Repositorio", "{B353E213-18D9-4229-AC52-6ADC51833BFD}"
EndProject
Project("{2150E333-8FDC-42A3-9474-1A3956D46DE8}") = "Servicos", "Servicos", "{4C41626F-51E2-4EE5-A55C-4629CDEB5D69}"
EndProject
Project("{2150E333-8FDC-42A3-9474-1A3956D46DE8}") = "Apresentacao", "Apresentacao", "{687302D0-0F31-4005-8C59-B53EAC0F7A63}"
EndProject
Project("{FAE04EC0-301F-11D3-BF4B-00C04F79EFBC}") = "Uniftec.PPW.Redesocial.FeedAPI.Dominio", "Uniftec.PPW.Redesocial.FeedAPI.Dominio\Uniftec.PPW.Redesocial.FeedAPI.Dominio.csproj", "{1AB909D3-E0B3-48C2-BEB1-B08D33FACCAF}"
EndProject
Project("{FAE04EC0-301F-11D3-BF4B-00C04F79EFBC}") = "Uniftec.PPW.Redesocial.FeedAPI.Repositorio", "Uniftec.PPW.Redesocial.FeedAPI.Repositorio\Uniftec.PPW.Redesocial.FeedAPI.Repositorio.csproj", "{9B2E4D97-EE19-48E3-B634-FB71FB6BADDD}"
EndProject
Project("{FAE04EC0-301F-11D3-BF4B-00C04F79EFBC}") = "Uniftec.PPW.Redesocial.FeedAPI.Aplicacao", "Uniftec.PPW.Redesocial.FeedAPI.Aplicacao\Uniftec.PPW.Redesocial.FeedAPI.Aplicacao.csproj", "{A7530245-0E37-4EAE-81BB-F1C979199D39}"
EndProject
Global
	GlobalSection(SolutionConfigurationPlatforms) = preSolution
		Debug|Any CPU = Debug|Any CPU
		Release|Any CPU = Release|Any CPU
	EndGlobalSection
	GlobalSection(ProjectConfigurationPlatforms) = postSolution
		{F59A351C-293E-49D3-B01D-98C35429071D}.Debug|Any CPU.ActiveCfg = Debug|Any CPU
		{F59A351C-293E-49D3-B01D-98C35429071D}.Debug|Any CPU.Build.0 = Debug|Any CPU
		{F59A351C-293E-49D3-B01D-98C35429071D}.Release|Any CPU.ActiveCfg = Release|Any CPU
		{F59A351C-293E-49D3-B01D-98C35429071D}.Release|Any CPU.Build.0 = Release|Any CPU
		{89B09230-249E-4C76-8E95-FA6BAFDA4A33}.Debug|Any CPU.ActiveCfg = Debug|Any CPU
		{89B09230-249E-4C76-8E95-FA6BAFDA4A33}.Debug|Any CPU.Build.0 = Debug|Any CPU
		{89B09230-249E-4C76-8E95-FA6BAFDA4A33}.Release|Any CPU.ActiveCfg = Release|Any CPU
		{89B09230-249E-4C76-8E95-FA6BAFDA4A33}.Release|Any CPU.Build.0 = Release|Any CPU
		{1AB909D3-E0B3-48C2-BEB1-B08D33FACCAF}.Debug|Any CPU.ActiveCfg = Debug|Any CPU
		{1AB909D3-E0B3-48C2-BEB1-B08D33FACCAF}.Debug|Any CPU.Build.0 = Debug|Any CPU
		{1AB909D3-E0B3-48C2-BEB1-B08D33FACCAF}.Release|Any CPU.ActiveCfg = Release|Any CPU
		{1AB909D3-E0B3-48C2-BEB1-B08D33FACCAF}.Release|Any CPU.Build.0 = Release|Any CPU
		{9B2E4D97-EE19-48E3-B634-FB71FB6BADDD}.Debug|Any CPU.ActiveCfg = Debug|Any CPU
		{9B2E4D97-EE19-48E3-B634-FB71FB6BADDD}.Debug|Any CPU.Build.0 = Debug|Any CPU
		{9B2E4D97-EE19-48E3-B634-FB71FB6BADDD}.Release|Any CPU.ActiveCfg = Release|Any CPU
		{9B2E4D97-EE19-48E3-B634-FB71FB6BADDD}.Release|Any CPU.Build.0 = Release|Any CPU
		{A7530245-0E37-4EAE-81BB-F1C979199D39}.Debug|Any CPU.ActiveCfg = Debug|Any CPU
		{A7530245-0E37-4EAE-81BB-F1C979199D39}.Debug|Any CPU.Build.0 = Debug|Any CPU
		{A7530245-0E37-4EAE-81BB-F1C979199D39}.Release|Any CPU.ActiveCfg = Release|Any CPU
		{A7530245-0E37-4EAE-81BB-F1C979199D39}.Release|Any CPU.Build.0 = Release|Any CPU
	EndGlobalSection
	GlobalSection(SolutionProperties) = preSolution
		HideSolutionNode = FALSE
	EndGlobalSection
	GlobalSection(NestedProjects) = preSolution
		{F59A351C-293E-49D3-B01D-98C35429071D} = {687302D0-0F31-4005-8C59-B53EAC0F7A63}
		{89B09230-249E-4C76-8E95-FA6BAFDA4A33} = {4C41626F-51E2-4EE5-A55C-4629CDEB5D69}
		{1AB909D3-E0B3-48C2-BEB1-B08D33FACCAF} = {48A8B417-477B-4302-9C69-13A4751DD80C}
		{9B2E4D97-EE19-48E3-B634-FB71FB6BADDD} = {B353E213-18D9-4229-AC52-6ADC51833BFD}
		{A7530245-0E37-4EAE-81BB-F1C979199D39} = {C26D101E-B4AC-4108-B940-0A9186EBA64E}
	EndGlobalSection
	GlobalSection(ExtensibilityGlobals) = postSolution
		SolutionGuid = {28641B8B-C5DD-40BB-B910-30D2C46E2DCC}
	EndGlobalSection
EndGlobal
